
Microsoft Visual Studio Solution File, Format Version 12.00
# Visual Studio Version 16
VisualStudioVersion = 16.0.30804.86
MinimumVisualStudioVersion = 10.0.40219.1
Project("{FAE04EC0-301F-11D3-BF4B-00C04F79EFBC}") = "AutoClicker", "AutoClicker\AutoClicker.csproj", "{2374D51A-FDD8-432C-A4EA-83196C1817DD}"
EndProject
Global
	GlobalSection(SolutionConfigurationPlatforms) = preSolution
		Debug|Any CPU = Debug|Any CPU
		Release|Any CPU = Release|Any CPU
	EndGlobalSection
	GlobalSection(ProjectConfigurationPlatforms) = postSolution
		{2374D51A-FDD8-432C-A4EA-83196C1817DD}.Debug|Any CPU.ActiveCfg = Debug|Any CPU
		{2374D51A-FDD8-432C-A4EA-83196C1817DD}.Debug|Any CPU.Build.0 = Debug|Any CPU
		{2374D51A-FDD8-432C-A4EA-83196C1817DD}.Release|Any CPU.ActiveCfg = Release|Any CPU
		{2374D51A-FDD8-432C-A4EA-83196C1817DD}.Release|Any CPU.Build.0 = Release|Any CPU
	EndGlobalSection
	GlobalSection(SolutionProperties) = preSolution
		HideSolutionNode = FALSE
	EndGlobalSection
	GlobalSection(ExtensibilityGlobals) = postSolution
		SolutionGuid = {FBA888A5-DA66-4CA5-9443-6A71BA107835}
	EndGlobalSection
EndGlobal
